{
  "name": "even-g2-sdk",
  "version": "0.5.1",
  "lockfileVersion": 3,
  "requires": true,
  "packages": {
    "": {
      "name": "even-g2-sdk",
      "version": "0.5.1",
      "license": "MIT",
      "devDependencies": {
        "@evenrealities/even_hub_sdk": "^0.0.7",
        "@jappyjan/even-better-sdk": "^0.0.10",
        "@types/react": "^19.0.0",
        "react": "^19.0.0",
        "react-router": "^7.0.0",
        "typescript": "~5.4.0"
      },
      "peerDependencies": {
        "@evenrealities/even_hub_sdk": ">=0.0.7",
        "@jappyjan/even-better-sdk": ">=0.0.10",
        "react": ">=18.0.0",
        "react-router": ">=7.0.0"
      },
      "peerDependenciesMeta": {
        "react": {
          "optional": true
        },
        "react-router": {
          "optional": true
        }
      }
    },
    "node_modules/@evenrealities/even_hub_sdk": {
      "version": "0.0.7",
      "resolved": "https://registry.npmjs.org/@evenrealities/even_hub_sdk/-/even_hub_sdk-0.0.7.tgz",
      "integrity": "sha512-AInCBaNl+RsjnjsxkrPds2XkMyi8w35nF7daHjz7YrgMm8bkJrDDrr4eBatTj/PwjzuEy4C6XY2e+s6Fut0Wlg==",
      "dev": true,
      "license": "MIT",
      "engines": {
        "node": "^20.0.0 || >=22.0.0"
      }
    },
    "node_modules/@jappyjan/even-better-sdk": {
      "version": "0.0.10",
      "resolved": "https://registry.npmjs.org/@jappyjan/even-better-sdk/-/even-better-sdk-0.0.10.tgz",
      "integrity": "sha512-kdc7DAhxGH3jmh4uwKHHeBV5mF4GtMe7o277REjnNN30ca2oucorIdEvrjlJ5oeMXmeSl+FVFGyRggQq0fgggw==",
      "dev": true,
      "dependencies": {
        "@evenrealities/even_hub_sdk": "^0.0.6",
        "nanoid": "^3.3.11"
      }
    },
    "node_modules/@jappyjan/even-better-sdk/node_modules/@evenrealities/even_hub_sdk": {
      "version": "0.0.6",
      "resolved": "https://registry.npmjs.org/@evenrealities/even_hub_sdk/-/even_hub_sdk-0.0.6.tgz",
      "integrity": "sha512-rPwoSef8d3Eld3OyEyzXd536ol42DOjrYkxJUWc0C0htJ3GD1GEhqdSVQtPg46tzU4My3F7zwSzUcvsD/5r0Cw==",
      "dev": true,
      "license": "MIT",
      "engines": {
        "node": "^20.0.0 || >=22.0.0"
      }
    },
    "node_modules/@types/react": {
      "version": "19.2.14",
      "resolved": "https://registry.npmjs.org/@types/react/-/react-19.2.14.tgz",
      "integrity": "sha512-ilcTH/UniCkMdtexkoCN0bI7pMcJDvmQFPvuPvmEaYA/NSfFTAgdUSLAoVjaRJm7+6PvcM+q1zYOwS4wTYMF9w==",
      "dev": true,
      "license": "MIT",
      "dependencies": {
        "csstype": "^3.2.2"
      }
    },
    "node_modules/cookie": {
      "version": "1.1.1",
      "resolved": "https://registry.npmjs.org/cookie/-/cookie-1.1.1.tgz",
      "integrity": "sha512-ei8Aos7ja0weRpFzJnEA9UHJ/7XQmqglbRwnf2ATjcB9Wq874VKH9kfjjirM6UhU2/E5fFYadylyhFldcqSidQ==",
      "dev": true,
      "license": "MIT",
      "engines": {
        "node": ">=18"
      },
      "funding": {
        "type": "opencollective",
        "url": "https://opencollective.com/express"
      }
    },
    "node_modules/csstype": {
      "version": "3.2.3",
      "resolved": "https://registry.npmjs.org/csstype/-/csstype-3.2.3.tgz",
      "integrity": "sha512-z1HGKcYy2xA8AGQfwrn0PAy+PB7X/GSj3UVJW9qKyn43xWa+gl5nXmU4qqLMRzWVLFC8KusUX8T/0kCiOYpAIQ==",
      "dev": true,
      "license": "MIT"
    },
    "node_modules/nanoid": {
      "version": "3.3.11",
      "resolved": "https://registry.npmjs.org/nanoid/-/nanoid-3.3.11.tgz",
      "integrity": "sha512-N8SpfPUnUp1bK+PMYW8qSWdl9U+wwNWI4QKxOYDy9JAro3WMX7p2OeVRF9v+347pnakNevPmiHhNmZ2HbFA76w==",
      "dev": true,
      "funding": [
        {
          "type": "github",
          "url": "https://github.com/sponsors/ai"
        }
      ],
      "license": "MIT",
      "bin": {
        "nanoid": "bin/nanoid.cjs"
      },
      "engines": {
        "node": "^10 || ^12 || ^13.7 || ^14 || >=15.0.1"
      }
    },
    "node_modules/react": {
      "version": "19.2.4",
      "resolved": "https://registry.npmjs.org/react/-/react-19.2.4.tgz",
      "integrity": "sha512-9nfp2hYpCwOjAN+8TZFGhtWEwgvWHXqESH8qT89AT/lWklpLON22Lc8pEtnpsZz7VmawabSU0gCjnj8aC0euHQ==",
      "dev": true,
      "license": "MIT",
      "engines": {
        "node": ">=0.10.0"
      }
    },
    "node_modules/react-router": {
      "version": "7.13.1",
      "resolved": "https://registry.npmjs.org/react-router/-/react-router-7.13.1.tgz",
      "integrity": "sha512-td+xP4X2/6BJvZoX6xw++A2DdEi++YypA69bJUV5oVvqf6/9/9nNlD70YO1e9d3MyamJEBQFEzk6mbfDYbqrSA==",
      "dev": true,
      "license": "MIT",
      "dependencies": {
        "cookie": "^1.0.1",
        "set-cookie-parser": "^2.6.0"
      },
      "engines": {
        "node": ">=20.0.0"
      },
      "peerDependencies": {
        "react": ">=18",
        "react-dom": ">=18"
      },
      "peerDependenciesMeta": {
        "react-dom": {
          "optional": true
        }
      }
    },
    "node_modules/set-cookie-parser": {
      "version": "2.7.2",
      "resolved": "https://registry.npmjs.org/set-cookie-parser/-/set-cookie-parser-2.7.2.tgz",
      "integrity": "sha512-oeM1lpU/UvhTxw+g3cIfxXHyJRc/uidd3yK1P242gzHds0udQBYzs3y8j4gCCW+ZJ7ad0yctld8RYO+bdurlvw==",
      "dev": true,
      "license": "MIT"
    },
    "node_modules/typescript": {
      "version": "5.4.5",
      "resolved": "https://registry.npmjs.org/typescript/-/typescript-5.4.5.tgz",
      "integrity": "sha512-vcI4UpRgg81oIRUFwR0WSIHKt11nJ7SAVlYNIu+QpqeyXP+gpQJy/Z4+F0aGxSE4MqwjyXvW/TzgkLAx2AGHwQ==",
      "dev": true,
      "license": "Apache-2.0",
      "bin": {
        "tsc": "bin/tsc",
        "tsserver": "bin/tsserver"
      },
      "engines": {
        "node": ">=14.17"
      }
    }
  }
}
